# THIS IS AN AUTOGENERATED FILE. DO NOT EDIT THIS FILE DIRECTLY.
# yarn lockfile v1


components@^0.1.0:
  version "0.1.0"
  resolved "https://registry.yarnpkg.com/components/-/components-0.1.0.tgz#2057c08e9c7bf2662feec95c49e5ff2a9ab85ed5"

proptypes@^1.1.0:
  version "1.1.0"
  resolved "https://registry.yarnpkg.com/proptypes/-/proptypes-1.1.0.tgz#78b3828a5aa6bb1308939e0de3c6044dfd4bd239"

styled@^1.0.0:
  version "1.0.0"
  resolved "https://registry.yarnpkg.com/styled/-/styled-1.0.0.tgz#4b4ff3b5df061016870abfd7177ff6916eaedc60"
